
Microsoft Visual Studio Solution File, Format Version 12.00
# Visual Studio Version 17
VisualStudioVersion = 17.5.33414.496
MinimumVisualStudioVersion = 10.0.40219.1
Project("{FAE04EC0-301F-11D3-BF4B-00C04F79EFBC}") = "Lesson32", "Lesson32\Lesson32.csproj", "{97F17CDE-E2F5-4D9B-B52A-D2A22DEFD11A}"
EndProject
Project("{FAE04EC0-301F-11D3-BF4B-00C04F79EFBC}") = "ShopLib", "ShopLib\ShopLib.csproj", "{9762A117-51AB-4D1D-8C9B-7E3D5F9CA3F6}"
EndProject
Global
	GlobalSection(SolutionConfigurationPlatforms) = preSolution
		Debug|Any CPU = Debug|Any CPU
		Release|Any CPU = Release|Any CPU
	EndGlobalSection
	GlobalSection(ProjectConfigurationPlatforms) = postSolution
		{97F17CDE-E2F5-4D9B-B52A-D2A22DEFD11A}.Debug|Any CPU.ActiveCfg = Debug|Any CPU
		{97F17CDE-E2F5-4D9B-B52A-D2A22DEFD11A}.Debug|Any CPU.Build.0 = Debug|Any CPU
		{97F17CDE-E2F5-4D9B-B52A-D2A22DEFD11A}.Release|Any CPU.ActiveCfg = Release|Any CPU
		{97F17CDE-E2F5-4D9B-B52A-D2A22DEFD11A}.Release|Any CPU.Build.0 = Release|Any CPU
		{9762A117-51AB-4D1D-8C9B-7E3D5F9CA3F6}.Debug|Any CPU.ActiveCfg = Debug|Any CPU
		{9762A117-51AB-4D1D-8C9B-7E3D5F9CA3F6}.Debug|Any CPU.Build.0 = Debug|Any CPU
		{9762A117-51AB-4D1D-8C9B-7E3D5F9CA3F6}.Release|Any CPU.ActiveCfg = Release|Any CPU
		{9762A117-51AB-4D1D-8C9B-7E3D5F9CA3F6}.Release|Any CPU.Build.0 = Release|Any CPU
	EndGlobalSection
	GlobalSection(SolutionProperties) = preSolution
		HideSolutionNode = FALSE
	EndGlobalSection
	GlobalSection(ExtensibilityGlobals) = postSolution
		SolutionGuid = {FEC842C0-916F-4D45-8280-5BC8E4387621}
	EndGlobalSection
EndGlobal
