
Microsoft Visual Studio Solution File, Format Version 12.00
# Visual Studio Version 17
VisualStudioVersion = 17.5.33414.496
MinimumVisualStudioVersion = 10.0.40219.1
Project("{FAE04EC0-301F-11D3-BF4B-00C04F79EFBC}") = "Lesson12", "Lesson12\Lesson12.csproj", "{C6EB9F9C-72B4-463F-B7E7-0E3CAAA83DAC}"
	ProjectSection(ProjectDependencies) = postProject
		{AD843421-E7EA-4C9E-86F7-BD491168A848} = {AD843421-E7EA-4C9E-86F7-BD491168A848}
	EndProjectSection
EndProject
Project("{FAE04EC0-301F-11D3-BF4B-00C04F79EFBC}") = "OnlineShopLib", "OnlineShopLib\OnlineShopLib.csproj", "{AD843421-E7EA-4C9E-86F7-BD491168A848}"
EndProject
Global
	GlobalSection(SolutionConfigurationPlatforms) = preSolution
		Debug|Any CPU = Debug|Any CPU
		Release|Any CPU = Release|Any CPU
	EndGlobalSection
	GlobalSection(ProjectConfigurationPlatforms) = postSolution
		{C6EB9F9C-72B4-463F-B7E7-0E3CAAA83DAC}.Debug|Any CPU.ActiveCfg = Debug|Any CPU
		{C6EB9F9C-72B4-463F-B7E7-0E3CAAA83DAC}.Debug|Any CPU.Build.0 = Debug|Any CPU
		{C6EB9F9C-72B4-463F-B7E7-0E3CAAA83DAC}.Release|Any CPU.ActiveCfg = Release|Any CPU
		{C6EB9F9C-72B4-463F-B7E7-0E3CAAA83DAC}.Release|Any CPU.Build.0 = Release|Any CPU
		{AD843421-E7EA-4C9E-86F7-BD491168A848}.Debug|Any CPU.ActiveCfg = Debug|Any CPU
		{AD843421-E7EA-4C9E-86F7-BD491168A848}.Debug|Any CPU.Build.0 = Debug|Any CPU
		{AD843421-E7EA-4C9E-86F7-BD491168A848}.Release|Any CPU.ActiveCfg = Release|Any CPU
		{AD843421-E7EA-4C9E-86F7-BD491168A848}.Release|Any CPU.Build.0 = Release|Any CPU
	EndGlobalSection
	GlobalSection(SolutionProperties) = preSolution
		HideSolutionNode = FALSE
	EndGlobalSection
	GlobalSection(ExtensibilityGlobals) = postSolution
		SolutionGuid = {FEC842C0-916F-4D45-8280-5BC8E4387621}
	EndGlobalSection
EndGlobal
