
Microsoft Visual Studio Solution File, Format Version 12.00
# Visual Studio Version 17
VisualStudioVersion = 17.5.33414.496
MinimumVisualStudioVersion = 10.0.40219.1
Project("{FAE04EC0-301F-11D3-BF4B-00C04F79EFBC}") = "Lesson21", "Lesson21\Lesson21.csproj", "{F6ED8872-8867-4917-9884-0033D742ED59}"
EndProject
Project("{FAE04EC0-301F-11D3-BF4B-00C04F79EFBC}") = "CalendarLib", "CalendarLib\CalendarLib.csproj", "{7B8B5103-9202-43AF-9944-B514428DAE4C}"
EndProject
Global
	GlobalSection(SolutionConfigurationPlatforms) = preSolution
		Debug|Any CPU = Debug|Any CPU
		Release|Any CPU = Release|Any CPU
	EndGlobalSection
	GlobalSection(ProjectConfigurationPlatforms) = postSolution
		{F6ED8872-8867-4917-9884-0033D742ED59}.Debug|Any CPU.ActiveCfg = Debug|Any CPU
		{F6ED8872-8867-4917-9884-0033D742ED59}.Debug|Any CPU.Build.0 = Debug|Any CPU
		{F6ED8872-8867-4917-9884-0033D742ED59}.Release|Any CPU.ActiveCfg = Release|Any CPU
		{F6ED8872-8867-4917-9884-0033D742ED59}.Release|Any CPU.Build.0 = Release|Any CPU
		{7B8B5103-9202-43AF-9944-B514428DAE4C}.Debug|Any CPU.ActiveCfg = Debug|Any CPU
		{7B8B5103-9202-43AF-9944-B514428DAE4C}.Debug|Any CPU.Build.0 = Debug|Any CPU
		{7B8B5103-9202-43AF-9944-B514428DAE4C}.Release|Any CPU.ActiveCfg = Release|Any CPU
		{7B8B5103-9202-43AF-9944-B514428DAE4C}.Release|Any CPU.Build.0 = Release|Any CPU
	EndGlobalSection
	GlobalSection(SolutionProperties) = preSolution
		HideSolutionNode = FALSE
	EndGlobalSection
	GlobalSection(ExtensibilityGlobals) = postSolution
		SolutionGuid = {FEC842C0-916F-4D45-8280-5BC8E4387621}
	EndGlobalSection
EndGlobal
